
Microsoft Visual Studio Solution File, Format Version 12.00
# Visual Studio 15
VisualStudioVersion = 15.0.27130.2024
MinimumVisualStudioVersion = 10.0.40219.1
Project("{FAE04EC0-301F-11D3-BF4B-00C04F79EFBC}") = "NG.Assignment1", "NG.Assignment1\NG.Assignment1.csproj", "{B4794547-A97C-403E-84A7-B606F6C3DEBC}"
EndProject
Global
	GlobalSection(SolutionConfigurationPlatforms) = preSolution
		Debug|Any CPU = Debug|Any CPU
		Release|Any CPU = Release|Any CPU
	EndGlobalSection
	GlobalSection(ProjectConfigurationPlatforms) = postSolution
		{B4794547-A97C-403E-84A7-B606F6C3DEBC}.Debug|Any CPU.ActiveCfg = Debug|Any CPU
		{B4794547-A97C-403E-84A7-B606F6C3DEBC}.Debug|Any CPU.Build.0 = Debug|Any CPU
		{B4794547-A97C-403E-84A7-B606F6C3DEBC}.Release|Any CPU.ActiveCfg = Release|Any CPU
		{B4794547-A97C-403E-84A7-B606F6C3DEBC}.Release|Any CPU.Build.0 = Release|Any CPU
	EndGlobalSection
	GlobalSection(SolutionProperties) = preSolution
		HideSolutionNode = FALSE
	EndGlobalSection
	GlobalSection(ExtensibilityGlobals) = postSolution
		SolutionGuid = {048C0A07-58DF-47F1-9209-30E8ED1B1ED2}
	EndGlobalSection
EndGlobal
