
Microsoft Visual Studio Solution File, Format Version 12.00
# Visual Studio 15
VisualStudioVersion = 15.0.27130.2024
MinimumVisualStudioVersion = 10.0.40219.1
Project("{FAE04EC0-301F-11D3-BF4B-00C04F79EFBC}") = "NG.Stack", "NG.Stack\NG.Stack.csproj", "{11BFF4B8-EBE7-4F71-A7B0-F68C51B04365}"
EndProject
Global
	GlobalSection(SolutionConfigurationPlatforms) = preSolution
		Debug|Any CPU = Debug|Any CPU
		Release|Any CPU = Release|Any CPU
	EndGlobalSection
	GlobalSection(ProjectConfigurationPlatforms) = postSolution
		{11BFF4B8-EBE7-4F71-A7B0-F68C51B04365}.Debug|Any CPU.ActiveCfg = Debug|Any CPU
		{11BFF4B8-EBE7-4F71-A7B0-F68C51B04365}.Debug|Any CPU.Build.0 = Debug|Any CPU
		{11BFF4B8-EBE7-4F71-A7B0-F68C51B04365}.Release|Any CPU.ActiveCfg = Release|Any CPU
		{11BFF4B8-EBE7-4F71-A7B0-F68C51B04365}.Release|Any CPU.Build.0 = Release|Any CPU
	EndGlobalSection
	GlobalSection(SolutionProperties) = preSolution
		HideSolutionNode = FALSE
	EndGlobalSection
	GlobalSection(ExtensibilityGlobals) = postSolution
		SolutionGuid = {2B5732CF-8D41-4FE6-97DA-EFF661A1D5BB}
	EndGlobalSection
EndGlobal
